
Microsoft Visual Studio Solution File, Format Version 12.00
# Visual Studio Version 17
VisualStudioVersion = 17.5.33502.453
MinimumVisualStudioVersion = 10.0.40219.1
Project("{FAE04EC0-301F-11D3-BF4B-00C04F79EFBC}") = "prjAjaxhomework", "prjAjaxhomework\prjAjaxhomework.csproj", "{22B9ED11-CC03-4F62-A3BB-31358FD5AE90}"
EndProject
Global
	GlobalSection(SolutionConfigurationPlatforms) = preSolution
		Debug|Any CPU = Debug|Any CPU
		Release|Any CPU = Release|Any CPU
	EndGlobalSection
	GlobalSection(ProjectConfigurationPlatforms) = postSolution
		{22B9ED11-CC03-4F62-A3BB-31358FD5AE90}.Debug|Any CPU.ActiveCfg = Debug|Any CPU
		{22B9ED11-CC03-4F62-A3BB-31358FD5AE90}.Debug|Any CPU.Build.0 = Debug|Any CPU
		{22B9ED11-CC03-4F62-A3BB-31358FD5AE90}.Release|Any CPU.ActiveCfg = Release|Any CPU
		{22B9ED11-CC03-4F62-A3BB-31358FD5AE90}.Release|Any CPU.Build.0 = Release|Any CPU
	EndGlobalSection
	GlobalSection(SolutionProperties) = preSolution
		HideSolutionNode = FALSE
	EndGlobalSection
	GlobalSection(ExtensibilityGlobals) = postSolution
		SolutionGuid = {ACA28457-A3A8-47BE-BE81-8E55BA664D8B}
	EndGlobalSection
EndGlobal
